
Microsoft Visual Studio Solution File, Format Version 12.00
# Visual Studio Version 17
VisualStudioVersion = 17.0.31903.59
MinimumVisualStudioVersion = 10.0.40219.1
Project("{FAE04EC0-301F-11D3-BF4B-00C04F79EFBC}") = "ExampleConsoleApp", "ExampleConsoleApp\ExampleConsoleApp.csproj", "{7A313575-DBB4-4E0E-B378-613F0E76A965}"
EndProject
Project("{FAE04EC0-301F-11D3-BF4B-00C04F79EFBC}") = "ExamplePlugin", "ExamplePlugin\ExamplePlugin.csproj", "{DE954034-CA58-42D5-869E-ED286275A3D2}"
EndProject
Project("{FAE04EC0-301F-11D3-BF4B-00C04F79EFBC}") = "ExampleBlazorServerApp", "ExampleBlazorServerApp\ExampleBlazorServerApp.csproj", "{920835E1-02BD-48A5-B834-226ED0354FF7}"
EndProject
Global
	GlobalSection(SolutionConfigurationPlatforms) = preSolution
		Debug|Any CPU = Debug|Any CPU
		Release|Any CPU = Release|Any CPU
	EndGlobalSection
	GlobalSection(SolutionProperties) = preSolution
		HideSolutionNode = FALSE
	EndGlobalSection
	GlobalSection(ProjectConfigurationPlatforms) = postSolution
		{7A313575-DBB4-4E0E-B378-613F0E76A965}.Debug|Any CPU.ActiveCfg = Debug|Any CPU
		{7A313575-DBB4-4E0E-B378-613F0E76A965}.Debug|Any CPU.Build.0 = Debug|Any CPU
		{7A313575-DBB4-4E0E-B378-613F0E76A965}.Release|Any CPU.ActiveCfg = Release|Any CPU
		{7A313575-DBB4-4E0E-B378-613F0E76A965}.Release|Any CPU.Build.0 = Release|Any CPU
		{DE954034-CA58-42D5-869E-ED286275A3D2}.Debug|Any CPU.ActiveCfg = Debug|Any CPU
		{DE954034-CA58-42D5-869E-ED286275A3D2}.Debug|Any CPU.Build.0 = Debug|Any CPU
		{DE954034-CA58-42D5-869E-ED286275A3D2}.Release|Any CPU.ActiveCfg = Release|Any CPU
		{DE954034-CA58-42D5-869E-ED286275A3D2}.Release|Any CPU.Build.0 = Release|Any CPU
		{920835E1-02BD-48A5-B834-226ED0354FF7}.Debug|Any CPU.ActiveCfg = Debug|Any CPU
		{920835E1-02BD-48A5-B834-226ED0354FF7}.Debug|Any CPU.Build.0 = Debug|Any CPU
		{920835E1-02BD-48A5-B834-226ED0354FF7}.Release|Any CPU.ActiveCfg = Release|Any CPU
		{920835E1-02BD-48A5-B834-226ED0354FF7}.Release|Any CPU.Build.0 = Release|Any CPU
	EndGlobalSection
EndGlobal
